
Microsoft Visual Studio Solution File, Format Version 12.00
# Visual Studio Version 16
VisualStudioVersion = 16.0.29123.88
MinimumVisualStudioVersion = 10.0.40219.1
Project("{9A19103F-16F7-4668-BE54-9A1E7A4F7556}") = "CoreMVC", "CoreMVC.csproj", "{07863D80-CD15-4ECD-A853-3B054947BE13}"
EndProject
Global
	GlobalSection(SolutionConfigurationPlatforms) = preSolution
		Debug|Any CPU = Debug|Any CPU
		Release|Any CPU = Release|Any CPU
	EndGlobalSection
	GlobalSection(ProjectConfigurationPlatforms) = postSolution
		{07863D80-CD15-4ECD-A853-3B054947BE13}.Debug|Any CPU.ActiveCfg = Debug|Any CPU
		{07863D80-CD15-4ECD-A853-3B054947BE13}.Debug|Any CPU.Build.0 = Debug|Any CPU
		{07863D80-CD15-4ECD-A853-3B054947BE13}.Release|Any CPU.ActiveCfg = Release|Any CPU
		{07863D80-CD15-4ECD-A853-3B054947BE13}.Release|Any CPU.Build.0 = Release|Any CPU
	EndGlobalSection
	GlobalSection(SolutionProperties) = preSolution
		HideSolutionNode = FALSE
	EndGlobalSection
	GlobalSection(ExtensibilityGlobals) = postSolution
		SolutionGuid = {8DA50876-8CA1-4398-96C8-5BA0A8BF02B2}
	EndGlobalSection
EndGlobal
